
Microsoft Visual Studio Solution File, Format Version 12.00
# Visual Studio Version 17
VisualStudioVersion = 17.8.34316.72
MinimumVisualStudioVersion = 10.0.40219.1
Project("{FAE04EC0-301F-11D3-BF4B-00C04F79EFBC}") = "Task 3-1", "Task 3-1\Task 3-1.csproj", "{01D6AE90-093D-47B7-88E6-0B8697FE86A6}"
EndProject
Global
	GlobalSection(SolutionConfigurationPlatforms) = preSolution
		Debug|Any CPU = Debug|Any CPU
		Release|Any CPU = Release|Any CPU
	EndGlobalSection
	GlobalSection(ProjectConfigurationPlatforms) = postSolution
		{01D6AE90-093D-47B7-88E6-0B8697FE86A6}.Debug|Any CPU.ActiveCfg = Debug|Any CPU
		{01D6AE90-093D-47B7-88E6-0B8697FE86A6}.Debug|Any CPU.Build.0 = Debug|Any CPU
		{01D6AE90-093D-47B7-88E6-0B8697FE86A6}.Release|Any CPU.ActiveCfg = Release|Any CPU
		{01D6AE90-093D-47B7-88E6-0B8697FE86A6}.Release|Any CPU.Build.0 = Release|Any CPU
	EndGlobalSection
	GlobalSection(SolutionProperties) = preSolution
		HideSolutionNode = FALSE
	EndGlobalSection
	GlobalSection(ExtensibilityGlobals) = postSolution
		SolutionGuid = {DFC9AF24-25E8-4F85-83CE-4A4DC3A1555A}
	EndGlobalSection
EndGlobal
